
Microsoft Visual Studio Solution File, Format Version 12.00
# Visual Studio Version 16
VisualStudioVersion = 16.0.30907.101
MinimumVisualStudioVersion = 10.0.40219.1
Project("{9A19103F-16F7-4668-BE54-9A1E7A4F7556}") = "FizzBuzz", "FizzBuzz\FizzBuzz.csproj", "{5B9E5B75-C33B-4C8D-BA36-A59AF94827CD}"
EndProject
Project("{9A19103F-16F7-4668-BE54-9A1E7A4F7556}") = "FizzBuzz.Models", "FizzBuzz.Models\FizzBuzz.Models.csproj", "{504638FE-99AE-4DB1-91FD-B9EC12EBD532}"
EndProject
Project("{9A19103F-16F7-4668-BE54-9A1E7A4F7556}") = "FizzBuzz.Services", "FizzBuzz.Services\FizzBuzz.Services.csproj", "{C0F1E41D-3CAB-4B76-AC81-011751B0703A}"
EndProject
Project("{FAE04EC0-301F-11D3-BF4B-00C04F79EFBC}") = "FizzBuzz.Tests", "FizzBuzz.Tests\FizzBuzz.Tests.csproj", "{4C248389-8D30-4AF2-A63A-5D39AAD64F44}"
EndProject
Global
	GlobalSection(SolutionConfigurationPlatforms) = preSolution
		Debug|Any CPU = Debug|Any CPU
		Release|Any CPU = Release|Any CPU
	EndGlobalSection
	GlobalSection(ProjectConfigurationPlatforms) = postSolution
		{5B9E5B75-C33B-4C8D-BA36-A59AF94827CD}.Debug|Any CPU.ActiveCfg = Debug|Any CPU
		{5B9E5B75-C33B-4C8D-BA36-A59AF94827CD}.Debug|Any CPU.Build.0 = Debug|Any CPU
		{5B9E5B75-C33B-4C8D-BA36-A59AF94827CD}.Release|Any CPU.ActiveCfg = Release|Any CPU
		{5B9E5B75-C33B-4C8D-BA36-A59AF94827CD}.Release|Any CPU.Build.0 = Release|Any CPU
		{504638FE-99AE-4DB1-91FD-B9EC12EBD532}.Debug|Any CPU.ActiveCfg = Debug|Any CPU
		{504638FE-99AE-4DB1-91FD-B9EC12EBD532}.Debug|Any CPU.Build.0 = Debug|Any CPU
		{504638FE-99AE-4DB1-91FD-B9EC12EBD532}.Release|Any CPU.ActiveCfg = Release|Any CPU
		{504638FE-99AE-4DB1-91FD-B9EC12EBD532}.Release|Any CPU.Build.0 = Release|Any CPU
		{C0F1E41D-3CAB-4B76-AC81-011751B0703A}.Debug|Any CPU.ActiveCfg = Debug|Any CPU
		{C0F1E41D-3CAB-4B76-AC81-011751B0703A}.Debug|Any CPU.Build.0 = Debug|Any CPU
		{C0F1E41D-3CAB-4B76-AC81-011751B0703A}.Release|Any CPU.ActiveCfg = Release|Any CPU
		{C0F1E41D-3CAB-4B76-AC81-011751B0703A}.Release|Any CPU.Build.0 = Release|Any CPU
		{4C248389-8D30-4AF2-A63A-5D39AAD64F44}.Debug|Any CPU.ActiveCfg = Debug|Any CPU
		{4C248389-8D30-4AF2-A63A-5D39AAD64F44}.Debug|Any CPU.Build.0 = Debug|Any CPU
		{4C248389-8D30-4AF2-A63A-5D39AAD64F44}.Release|Any CPU.ActiveCfg = Release|Any CPU
		{4C248389-8D30-4AF2-A63A-5D39AAD64F44}.Release|Any CPU.Build.0 = Release|Any CPU
	EndGlobalSection
	GlobalSection(SolutionProperties) = preSolution
		HideSolutionNode = FALSE
	EndGlobalSection
	GlobalSection(ExtensibilityGlobals) = postSolution
		SolutionGuid = {02C64834-7536-4A8C-B00A-C5AEEF4BFDE6}
	EndGlobalSection
EndGlobal
