
Microsoft Visual Studio Solution File, Format Version 12.00
# Visual Studio Version 16
VisualStudioVersion = 16.0.31112.23
MinimumVisualStudioVersion = 10.0.40219.1
Project("{FAE04EC0-301F-11D3-BF4B-00C04F79EFBC}") = "CIK.Assignment10.Bingo", "CIK.Assignment10.Bingo\CIK.Assignment10.Bingo.csproj", "{8DDB1747-750B-4DD1-AA49-602E07B8BBD0}"
EndProject
Project("{FAE04EC0-301F-11D3-BF4B-00C04F79EFBC}") = "CIK.Assignment10.Bingo.Game", "CIK.Assignment10.Bingo.Game\CIK.Assignment10.Bingo.Game.csproj", "{CCCC9BB7-EC27-4E7F-B936-94602A031B07}"
EndProject
Project("{FAE04EC0-301F-11D3-BF4B-00C04F79EFBC}") = "CIK.Assignment10.Bingo.Tests", "CIK.Assignment10.Bingo.Tests\CIK.Assignment10.Bingo.Tests.csproj", "{C60AE033-06CA-4D54-A4D0-0B82DF3650F5}"
EndProject
Global
	GlobalSection(SolutionConfigurationPlatforms) = preSolution
		Debug|Any CPU = Debug|Any CPU
		Release|Any CPU = Release|Any CPU
	EndGlobalSection
	GlobalSection(ProjectConfigurationPlatforms) = postSolution
		{8DDB1747-750B-4DD1-AA49-602E07B8BBD0}.Debug|Any CPU.ActiveCfg = Debug|Any CPU
		{8DDB1747-750B-4DD1-AA49-602E07B8BBD0}.Debug|Any CPU.Build.0 = Debug|Any CPU
		{8DDB1747-750B-4DD1-AA49-602E07B8BBD0}.Release|Any CPU.ActiveCfg = Release|Any CPU
		{8DDB1747-750B-4DD1-AA49-602E07B8BBD0}.Release|Any CPU.Build.0 = Release|Any CPU
		{CCCC9BB7-EC27-4E7F-B936-94602A031B07}.Debug|Any CPU.ActiveCfg = Debug|Any CPU
		{CCCC9BB7-EC27-4E7F-B936-94602A031B07}.Debug|Any CPU.Build.0 = Debug|Any CPU
		{CCCC9BB7-EC27-4E7F-B936-94602A031B07}.Release|Any CPU.ActiveCfg = Release|Any CPU
		{CCCC9BB7-EC27-4E7F-B936-94602A031B07}.Release|Any CPU.Build.0 = Release|Any CPU
		{C60AE033-06CA-4D54-A4D0-0B82DF3650F5}.Debug|Any CPU.ActiveCfg = Debug|Any CPU
		{C60AE033-06CA-4D54-A4D0-0B82DF3650F5}.Debug|Any CPU.Build.0 = Debug|Any CPU
		{C60AE033-06CA-4D54-A4D0-0B82DF3650F5}.Release|Any CPU.ActiveCfg = Release|Any CPU
		{C60AE033-06CA-4D54-A4D0-0B82DF3650F5}.Release|Any CPU.Build.0 = Release|Any CPU
	EndGlobalSection
	GlobalSection(SolutionProperties) = preSolution
		HideSolutionNode = FALSE
	EndGlobalSection
	GlobalSection(ExtensibilityGlobals) = postSolution
		SolutionGuid = {043246E3-00F5-4B6C-91BA-F2A61A90853C}
	EndGlobalSection
EndGlobal
